
Microsoft Visual Studio Solution File, Format Version 12.00
# Visual Studio Version 17
VisualStudioVersion = 17.6.33829.357
MinimumVisualStudioVersion = 10.0.40219.1
Project("{FAE04EC0-301F-11D3-BF4B-00C04F79EFBC}") = "renato-movie-store", "renato-movie-store.csproj", "{45CB250B-C317-479E-B024-E20552A61020}"
EndProject
Global
	GlobalSection(SolutionConfigurationPlatforms) = preSolution
		Debug|Any CPU = Debug|Any CPU
		Release|Any CPU = Release|Any CPU
	EndGlobalSection
	GlobalSection(ProjectConfigurationPlatforms) = postSolution
		{45CB250B-C317-479E-B024-E20552A61020}.Debug|Any CPU.ActiveCfg = Debug|Any CPU
		{45CB250B-C317-479E-B024-E20552A61020}.Debug|Any CPU.Build.0 = Debug|Any CPU
		{45CB250B-C317-479E-B024-E20552A61020}.Release|Any CPU.ActiveCfg = Release|Any CPU
		{45CB250B-C317-479E-B024-E20552A61020}.Release|Any CPU.Build.0 = Release|Any CPU
	EndGlobalSection
	GlobalSection(SolutionProperties) = preSolution
		HideSolutionNode = FALSE
	EndGlobalSection
	GlobalSection(ExtensibilityGlobals) = postSolution
		SolutionGuid = {4953512A-92F3-40F1-A8DD-7301ED30666F}
	EndGlobalSection
EndGlobal
